
Microsoft Visual Studio Solution File, Format Version 12.00
# Visual Studio Version 17
VisualStudioVersion = 17.0.32126.317
MinimumVisualStudioVersion = 10.0.40219.1
Project("{8BC9CEB8-8B4A-11D0-8D11-00A0C91BC942}") = "Theory", "Theory\Theory.vcxproj", "{8A60D4B2-AE0F-4198-97D4-5350587DB68D}"
EndProject
Project("{8BC9CEB8-8B4A-11D0-8D11-00A0C91BC942}") = "OperatorOverloadingBasics", "OperatorOverloadingBasics\OperatorOverloadingBasics.vcxproj", "{E6D9F403-7016-44FA-B791-01A249188A6F}"
EndProject
Project("{8BC9CEB8-8B4A-11D0-8D11-00A0C91BC942}") = "Demo", "Demo\Demo.vcxproj", "{4A0AE714-1A4A-4363-A494-2D197B19DA08}"
EndProject
Project("{8BC9CEB8-8B4A-11D0-8D11-00A0C91BC942}") = "TransformationBasics", "TransformationBasics\TransformationBasics.vcxproj", "{B1D03157-CF01-4267-80F2-0F9D50984092}"
EndProject
Project("{8BC9CEB8-8B4A-11D0-8D11-00A0C91BC942}") = "Diamonds", "Diamonds\Diamonds.vcxproj", "{15FA0899-CC81-48F2-AC2E-E4448302A528}"
EndProject
Global
	GlobalSection(SolutionConfigurationPlatforms) = preSolution
		Debug|x64 = Debug|x64
		Debug|x86 = Debug|x86
		Release|x64 = Release|x64
		Release|x86 = Release|x86
	EndGlobalSection
	GlobalSection(ProjectConfigurationPlatforms) = postSolution
		{8A60D4B2-AE0F-4198-97D4-5350587DB68D}.Debug|x64.ActiveCfg = Debug|x64
		{8A60D4B2-AE0F-4198-97D4-5350587DB68D}.Debug|x64.Build.0 = Debug|x64
		{8A60D4B2-AE0F-4198-97D4-5350587DB68D}.Debug|x86.ActiveCfg = Debug|Win32
		{8A60D4B2-AE0F-4198-97D4-5350587DB68D}.Debug|x86.Build.0 = Debug|Win32
		{8A60D4B2-AE0F-4198-97D4-5350587DB68D}.Release|x64.ActiveCfg = Release|x64
		{8A60D4B2-AE0F-4198-97D4-5350587DB68D}.Release|x64.Build.0 = Release|x64
		{8A60D4B2-AE0F-4198-97D4-5350587DB68D}.Release|x86.ActiveCfg = Release|Win32
		{8A60D4B2-AE0F-4198-97D4-5350587DB68D}.Release|x86.Build.0 = Release|Win32
		{E6D9F403-7016-44FA-B791-01A249188A6F}.Debug|x64.ActiveCfg = Debug|x64
		{E6D9F403-7016-44FA-B791-01A249188A6F}.Debug|x64.Build.0 = Debug|x64
		{E6D9F403-7016-44FA-B791-01A249188A6F}.Debug|x86.ActiveCfg = Debug|Win32
		{E6D9F403-7016-44FA-B791-01A249188A6F}.Debug|x86.Build.0 = Debug|Win32
		{E6D9F403-7016-44FA-B791-01A249188A6F}.Release|x64.ActiveCfg = Release|x64
		{E6D9F403-7016-44FA-B791-01A249188A6F}.Release|x64.Build.0 = Release|x64
		{E6D9F403-7016-44FA-B791-01A249188A6F}.Release|x86.ActiveCfg = Release|Win32
		{E6D9F403-7016-44FA-B791-01A249188A6F}.Release|x86.Build.0 = Release|Win32
		{4A0AE714-1A4A-4363-A494-2D197B19DA08}.Debug|x64.ActiveCfg = Debug|x64
		{4A0AE714-1A4A-4363-A494-2D197B19DA08}.Debug|x64.Build.0 = Debug|x64
		{4A0AE714-1A4A-4363-A494-2D197B19DA08}.Debug|x86.ActiveCfg = Debug|Win32
		{4A0AE714-1A4A-4363-A494-2D197B19DA08}.Debug|x86.Build.0 = Debug|Win32
		{4A0AE714-1A4A-4363-A494-2D197B19DA08}.Release|x64.ActiveCfg = Release|x64
		{4A0AE714-1A4A-4363-A494-2D197B19DA08}.Release|x64.Build.0 = Release|x64
		{4A0AE714-1A4A-4363-A494-2D197B19DA08}.Release|x86.ActiveCfg = Release|Win32
		{4A0AE714-1A4A-4363-A494-2D197B19DA08}.Release|x86.Build.0 = Release|Win32
		{B1D03157-CF01-4267-80F2-0F9D50984092}.Debug|x64.ActiveCfg = Debug|x64
		{B1D03157-CF01-4267-80F2-0F9D50984092}.Debug|x64.Build.0 = Debug|x64
		{B1D03157-CF01-4267-80F2-0F9D50984092}.Debug|x86.ActiveCfg = Debug|Win32
		{B1D03157-CF01-4267-80F2-0F9D50984092}.Debug|x86.Build.0 = Debug|Win32
		{B1D03157-CF01-4267-80F2-0F9D50984092}.Release|x64.ActiveCfg = Release|x64
		{B1D03157-CF01-4267-80F2-0F9D50984092}.Release|x64.Build.0 = Release|x64
		{B1D03157-CF01-4267-80F2-0F9D50984092}.Release|x86.ActiveCfg = Release|Win32
		{B1D03157-CF01-4267-80F2-0F9D50984092}.Release|x86.Build.0 = Release|Win32
		{15FA0899-CC81-48F2-AC2E-E4448302A528}.Debug|x64.ActiveCfg = Debug|x64
		{15FA0899-CC81-48F2-AC2E-E4448302A528}.Debug|x64.Build.0 = Debug|x64
		{15FA0899-CC81-48F2-AC2E-E4448302A528}.Debug|x86.ActiveCfg = Debug|Win32
		{15FA0899-CC81-48F2-AC2E-E4448302A528}.Debug|x86.Build.0 = Debug|Win32
		{15FA0899-CC81-48F2-AC2E-E4448302A528}.Release|x64.ActiveCfg = Release|x64
		{15FA0899-CC81-48F2-AC2E-E4448302A528}.Release|x64.Build.0 = Release|x64
		{15FA0899-CC81-48F2-AC2E-E4448302A528}.Release|x86.ActiveCfg = Release|Win32
		{15FA0899-CC81-48F2-AC2E-E4448302A528}.Release|x86.Build.0 = Release|Win32
	EndGlobalSection
	GlobalSection(SolutionProperties) = preSolution
		HideSolutionNode = FALSE
	EndGlobalSection
	GlobalSection(ExtensibilityGlobals) = postSolution
		SolutionGuid = {0BABF216-FE5E-4612-8658-E7730004B2F0}
	EndGlobalSection
EndGlobal
